// !$*UTF8*$!
{
	archiveVersion = 1;
	classes = {
	};
	objectVersion = 46;
	objects = {

/* Begin PBXBuildFile section */
		B6EB2D3D1F2AEE47007DDE57 /* AppDelegate.swift in Sources */ = {isa = PBXBuildFile; fileRef = B6EB2D3C1F2AEE47007DDE57 /* AppDelegate.swift */; };
		B6EB2D3F1F2AEE47007DDE57 /* ViewController.swift in Sources */ = {isa = PBXBuildFile; fileRef = B6EB2D3E1F2AEE47007DDE57 /* ViewController.swift */; };
		B6EB2D421F2AEE47007DDE57 /* Main.storyboard in Resources */ = {isa = PBXBuildFile; fileRef = B6EB2D401F2AEE47007DDE57 /* Main.storyboard */; };
		B6EB2D441F2AEE47007DDE57 /* Assets.xcassets in Resources */ = {isa = PBXBuildFile; fileRef = B6EB2D431F2AEE47007DDE57 /* Assets.xcassets */; };
		B6EB2D471F2AEE47007DDE57 /* LaunchScreen.storyboard in Resources */ = {isa = PBXBuildFile; fileRef = B6EB2D451F2AEE47007DDE57 /* LaunchScreen.storyboard */; };
		B6EB2D4F1F2AEE94007DDE57 /* words.json in Resources */ = {isa = PBXBuildFile; fileRef = B6EB2D4E1F2AEE94007DDE57 /* words.json */; };
/* End PBXBuildFile section */

/* Begin PBXFileReference section */
		B6EB2D391F2AEE47007DDE57 /* UserSetting.app */ = {isa = PBXFileReference; explicitFileType = wrapper.application; includeInIndex = 0; path = UserSetting.app; sourceTree = BUILT_PRODUCTS_DIR; };
		B6EB2D3C1F2AEE47007DDE57 /* AppDelegate.swift */ = {isa = PBXFileReference; lastKnownFileType = sourcecode.swift; path = AppDelegate.swift; sourceTree = "<group>"; };
		B6EB2D3E1F2AEE47007DDE57 /* ViewController.swift */ = {isa = PBXFileReference; lastKnownFileType = sourcecode.swift; path = ViewController.swift; sourceTree = "<group>"; };
		B6EB2D411F2AEE47007DDE57 /* Base */ = {isa = PBXFileReference; lastKnownFileType = file.storyboard; name = Base; path = Base.lproj/Main.storyboard; sourceTree = "<group>"; };
		B6EB2D431F2AEE47007DDE57 /* Assets.xcassets */ = {isa = PBXFileReference; lastKnownFileType = folder.assetcatalog; path = Assets.xcassets; sourceTree = "<group>"; };
		B6EB2D461F2AEE47007DDE57 /* Base */ = {isa = PBXFileReference; lastKnownFileType = file.storyboard; name = Base; path = Base.lproj/LaunchScreen.storyboard; sourceTree = "<group>"; };
		B6EB2D481F2AEE47007DDE57 /* Info.plist */ = {isa = PBXFileReference; lastKnownFileType = text.plist.xml; path = Info.plist; sourceTree = "<group>"; };
		B6EB2D4E1F2AEE94007DDE57 /* words.json */ = {isa = PBXFileReference; fileEncoding = 4; lastKnownFileType = text.json; path = words.json; sourceTree = "<group>"; };
/* End PBXFileReference section */

/* Begin PBXFrameworksBuildPhase section */
		B6EB2D361F2AEE47007DDE57 /* Frameworks */ = {
			isa = PBXFrameworksBuildPhase;
			buildActionMask = 2147483647;
			files = (
			);
			runOnlyForDeploymentPostprocessing = 0;
		};
/* End PBXFrameworksBuildPhase section */

/* Begin PBXGroup section */
		B6EB2D301F2AEE47007DDE57 = {
			isa = PBXGroup;
			children = (
				B6EB2D3B1F2AEE47007DDE57 /* UserSetting */,
				B6EB2D3A1F2AEE47007DDE57 /* Products */,
				B6EB2D4E1F2AEE94007DDE57 /* words.json */,
			);
			sourceTree = "<group>";
		};
		B6EB2D3A1F2AEE47007DDE57 /* Products */ = {
			isa = PBXGroup;
			children = (
				B6EB2D391F2AEE47007DDE57 /* UserSetting.app */,
			);
			name = Products;
			sourceTree = "<group>";
		};
		B6EB2D3B1F2AEE47007DDE57 /* UserSetting */ = {
			isa = PBXGroup;
			children = (
				B6EB2D3C1F2AEE47007DDE57 /* AppDelegate.swift */,
				B6EB2D3E1F2AEE47007DDE57 /* ViewController.swift */,
				B6EB2D401F2AEE47007DDE57 /* Main.storyboard */,
				B6EB2D431F2AEE47007DDE57 /* Assets.xcassets */,
				B6EB2D451F2AEE47007DDE57 /* LaunchScreen.storyboard */,
				B6EB2D481F2AEE47007DDE57 /* Info.plist */,
			);
			path = UserSetting;
			sourceTree = "<group>";
		};
/* End PBXGroup section */

/* Begin PBXNativeTarget section */
		B6EB2D381F2AEE47007DDE57 /* UserSetting */ = {
			isa = PBXNativeTarget;
			buildConfigurationList = B6EB2D4B1F2AEE47007DDE57 /* Build configuration list for PBXNativeTarget "UserSetting" */;
			buildPhases = (
				B6EB2D351F2AEE47007DDE57 /* Sources */,
				B6EB2D361F2AEE47007DDE57 /* Frameworks */,
				B6EB2D371F2AEE47007DDE57 /* Resources */,
			);
			buildRules = (
			);
			dependencies = (
			);
			name = UserSetting;
			productName = UserSetting;
			productReference = B6EB2D391F2AEE47007DDE57 /* UserSetting.app */;
			productType = "com.apple.product-type.application";
		};
/* End PBXNativeTarget section */

/* Begin PBXProject section */
		B6EB2D311F2AEE47007DDE57 /* Project object */ = {
			isa = PBXProject;
			attributes = {
				LastSwiftUpdateCheck = 0830;
				LastUpgradeCheck = 0830;
				ORGANIZATIONNAME = yuki;
				TargetAttributes = {
					B6EB2D381F2AEE47007DDE57 = {
						CreatedOnToolsVersion = 8.3.2;
						ProvisioningStyle = Manual;
					};
				};
			};
			buildConfigurationList = B6EB2D341F2AEE47007DDE57 /* Build configuration list for PBXProject "UserSetting" */;
			compatibilityVersion = "Xcode 3.2";
			developmentRegion = English;
			hasScannedForEncodings = 0;
			knownRegions = (
				en,
				Base,
			);
			mainGroup = B6EB2D301F2AEE47007DDE57;
			productRefGroup = B6EB2D3A1F2AEE47007DDE57 /* Products */;
			projectDirPath = "";
			projectRoot = "";
			targets = (
				B6EB2D381F2AEE47007DDE57 /* UserSetting */,
			);
		};
/* End PBXProject section */

/* Begin PBXResourcesBuildPhase section */
		B6EB2D371F2AEE47007DDE57 /* Resources */ = {
			isa = PBXResourcesBuildPhase;
			buildActionMask = 2147483647;
			files = (
				B6EB2D471F2AEE47007DDE57 /* LaunchScreen.storyboard in Resources */,
				B6EB2D441F2AEE47007DDE57 /* Assets.xcassets in Resources */,
				B6EB2D4F1F2AEE94007DDE57 /* words.json in Resources */,
				B6EB2D421F2AEE47007DDE57 /* Main.storyboard in Resources */,
			);
			runOnlyForDeploymentPostprocessing = 0;
		};
/* End PBXResourcesBuildPhase section */

/* Begin PBXSourcesBuildPhase section */
		B6EB2D351F2AEE47007DDE57 /* Sources */ = {
			isa = PBXSourcesBuildPhase;
			buildActionMask = 2147483647;
			files = (
				B6EB2D3F1F2AEE47007DDE57 /* ViewController.swift in Sources */,
				B6EB2D3D1F2AEE47007DDE57 /* AppDelegate.swift in Sources */,
			);
			runOnlyForDeploymentPostprocessing = 0;
		};
/* End PBXSourcesBuildPhase section */

/* Begin PBXVariantGroup section */
		B6EB2D401F2AEE47007DDE57 /* Main.storyboard */ = {
			isa = PBXVariantGroup;
			children = (
				B6EB2D411F2AEE47007DDE57 /* Base */,
			);
			name = Main.storyboard;
			sourceTree = "<group>";
		};
		B6EB2D451F2AEE47007DDE57 /* LaunchScreen.storyboard */ = {
			isa = PBXVariantGroup;
			children = (
				B6EB2D461F2AEE47007DDE57 /* Base */,
			);
			name = LaunchScreen.storyboard;
			sourceTree = "<group>";
		};
/* End PBXVariantGroup section */

/* Begin XCBuildConfiguration section */
		B6EB2D491F2AEE47007DDE57 /* Debug */ = {
			isa = XCBuildConfiguration;
			buildSettings = {
				ALWAYS_SEARCH_USER_PATHS = NO;
				CLANG_ANALYZER_NONNULL = YES;
				CLANG_ANALYZER_NUMBER_OBJECT_CONVERSION = YES_AGGRESSIVE;
				CLANG_CXX_LANGUAGE_STANDARD = "gnu++0x";
				CLANG_CXX_LIBRARY = "libc++";
				CLANG_ENABLE_MODULES = YES;
				CLANG_ENABLE_OBJC_ARC = YES;
				CLANG_WARN_BOOL_CONVERSION = YES;
				CLANG_WARN_CONSTANT_CONVERSION = YES;
				CLANG_WARN_DIRECT_OBJC_ISA_USAGE = YES_ERROR;
				CLANG_WARN_DOCUMENTATION_COMMENTS = YES;
				CLANG_WARN_EMPTY_BODY = YES;
				CLANG_WARN_ENUM_CONVERSION = YES;
				CLANG_WARN_INFINITE_RECURSION = YES;
				CLANG_WARN_INT_CONVERSION = YES;
				CLANG_WARN_OBJC_ROOT_CLASS = YES_ERROR;
				CLANG_WARN_SUSPICIOUS_MOVE = YES;
				CLANG_WARN_UNREACHABLE_CODE = YES;
				CLANG_WARN__DUPLICATE_METHOD_MATCH = YES;
				"CODE_SIGN_IDENTITY[sdk=iphoneos*]" = "iPhone Developer";
				COPY_PHASE_STRIP = NO;
				DEBUG_INFORMATION_FORMAT = dwarf;
				ENABLE_STRICT_OBJC_MSGSEND = YES;
				ENABLE_TESTABILITY = YES;
				GCC_C_LANGUAGE_STANDARD = gnu99;
				GCC_DYNAMIC_NO_PIC = NO;
				GCC_NO_COMMON_BLOCKS = YES;
				GCC_OPTIMIZATION_LEVEL = 0;
				GCC_PREPROCESSOR_DEFINITIONS = (
					"DEBUG=1",
					"$(inherited)",
				);
				GCC_WARN_64_TO_32_BIT_CONVERSION = YES;
				GCC_WARN_ABOUT_RETURN_TYPE = YES_ERROR;
				GCC_WARN_UNDECLARED_SELECTOR = YES;
				GCC_WARN_UNINITIALIZED_AUTOS = YES_AGGRESSIVE;
				GCC_WARN_UNUSED_FUNCTION = YES;
				GCC_WARN_UNUSED_VARIABLE = YES;
				IPHONEOS_DEPLOYMENT_TARGET = 10.3;
				MTL_ENABLE_DEBUG_INFO = YES;
				ONLY_ACTIVE_ARCH = YES;
				SDKROOT = iphoneos;
				SWIFT_ACTIVE_COMPILATION_CONDITIONS = DEBUG;
				SWIFT_OPTIMIZATION_LEVEL = "-Onone";
				TARGETED_DEVICE_FAMILY = "1,2";
			};
			name = Debug;
		};
		B6EB2D4A1F2AEE47007DDE57 /* Release */ = {
			isa = XCBuildConfiguration;
			buildSettings = {
				ALWAYS_SEARCH_USER_PATHS = NO;
				CLANG_ANALYZER_NONNULL = YES;
				CLANG_ANALYZER_NUMBER_OBJECT_CONVERSION = YES_AGGRESSIVE;
				CLANG_CXX_LANGUAGE_STANDARD = "gnu++0x";
				CLANG_CXX_LIBRARY = "libc++";
				CLANG_ENABLE_MODULES = YES;
				CLANG_ENABLE_OBJC_ARC = YES;
				CLANG_WARN_BOOL_CONVERSION = YES;
				CLANG_WARN_CONSTANT_CONVERSION = YES;
				CLANG_WARN_DIRECT_OBJC_ISA_USAGE = YES_ERROR;
				CLANG_WARN_DOCUMENTATION_COMMENTS = YES;
				CLANG_WARN_EMPTY_BODY = YES;
				CLANG_WARN_ENUM_CONVERSION = YES;
				CLANG_WARN_INFINITE_RECURSION = YES;
				CLANG_WARN_INT_CONVERSION = YES;
				CLANG_WARN_OBJC_ROOT_CLASS = YES_ERROR;
				CLANG_WARN_SUSPICIOUS_MOVE = YES;
				CLANG_WARN_UNREACHABLE_CODE = YES;
				CLANG_WARN__DUPLICATE_METHOD_MATCH = YES;
				"CODE_SIGN_IDENTITY[sdk=iphoneos*]" = "iPhone Developer";
				COPY_PHASE_STRIP = NO;
				DEBUG_INFORMATION_FORMAT = "dwarf-with-dsym";
				ENABLE_NS_ASSERTIONS = NO;
				ENABLE_STRICT_OBJC_MSGSEND = YES;
				GCC_C_LANGUAGE_STANDARD = gnu99;
				GCC_NO_COMMON_BLOCKS = YES;
				GCC_WARN_64_TO_32_BIT_CONVERSION = YES;
				GCC_WARN_ABOUT_RETURN_TYPE = YES_ERROR;
				GCC_WARN_UNDECLARED_SELECTOR = YES;
				GCC_WARN_UNINITIALIZED_AUTOS = YES_AGGRESSIVE;
				GCC_WARN_UNUSED_FUNCTION = YES;
				GCC_WARN_UNUSED_VARIABLE = YES;
				IPHONEOS_DEPLOYMENT_TARGET = 10.3;
				MTL_ENABLE_DEBUG_INFO = NO;
				SDKROOT = iphoneos;
				SWIFT_OPTIMIZATION_LEVEL = "-Owholemodule";
				TARGETED_DEVICE_FAMILY = "1,2";
				VALIDATE_PRODUCT = YES;
			};
			name = Release;
		};
		B6EB2D4C1F2AEE47007DDE57 /* Debug */ = {
			isa = XCBuildConfiguration;
			buildSettings = {
				ASSETCATALOG_COMPILER_APPICON_NAME = AppIcon;
				DEVELOPMENT_TEAM = "";
				INFOPLIST_FILE = UserSetting/Info.plist;
				IPHONEOS_DEPLOYMENT_TARGET = 10.0;
				LD_RUNPATH_SEARCH_PATHS = "$(inherited) @executable_path/Frameworks";
				PRODUCT_BUNDLE_IDENTIFIER = "com.hi-yuki.UserSetting";
				PRODUCT_NAME = "$(TARGET_NAME)";
				PROVISIONING_PROFILE_SPECIFIER = "";
				SWIFT_VERSION = 3.0;
			};
			name = Debug;
		};
		B6EB2D4D1F2AEE47007DDE57 /* Release */ = {
			isa = XCBuildConfiguration;
			buildSettings = {
				ASSETCATALOG_COMPILER_APPICON_NAME = AppIcon;
				DEVELOPMENT_TEAM = "";
				INFOPLIST_FILE = UserSetting/Info.plist;
				IPHONEOS_DEPLOYMENT_TARGET = 10.0;
				LD_RUNPATH_SEARCH_PATHS = "$(inherited) @executable_path/Frameworks";
				PRODUCT_BUNDLE_IDENTIFIER = "com.hi-yuki.UserSetting";
				PRODUCT_NAME = "$(TARGET_NAME)";
				PROVISIONING_PROFILE_SPECIFIER = "";
				SWIFT_VERSION = 3.0;
			};
			name = Release;
		};
/* End XCBuildConfiguration section */

/* Begin XCConfigurationList section */
		B6EB2D341F2AEE47007DDE57 /* Build configuration list for PBXProject "UserSetting" */ = {
			isa = XCConfigurationList;
			buildConfigurations = (
				B6EB2D491F2AEE47007DDE57 /* Debug */,
				B6EB2D4A1F2AEE47007DDE57 /* Release */,
			);
			defaultConfigurationIsVisible = 0;
			defaultConfigurationName = Release;
		};
		B6EB2D4B1F2AEE47007DDE57 /* Build configuration list for PBXNativeTarget "UserSetting" */ = {
			isa = XCConfigurationList;
			buildConfigurations = (
				B6EB2D4C1F2AEE47007DDE57 /* Debug */,
				B6EB2D4D1F2AEE47007DDE57 /* Release */,
			);
			defaultConfigurationIsVisible = 0;
		};
/* End XCConfigurationList section */
	};
	rootObject = B6EB2D311F2AEE47007DDE57 /* Project object */;
}
